
Microsoft Visual Studio Solution File, Format Version 12.00
# Visual Studio Version 16
VisualStudioVersion = 16.0.29418.71
MinimumVisualStudioVersion = 10.0.40219.1
Project("{8BC9CEB8-8B4A-11D0-8D11-00A0C91BC942}") = "Graphic2Project", "Graphic2Project\Graphic2Project.vcxproj", "{42FECFE2-3DF1-4C06-BE7E-F50B26310C71}"
EndProject
Global
	GlobalSection(SolutionConfigurationPlatforms) = preSolution
		Debug|x64 = Debug|x64
		Debug|x86 = Debug|x86
		Release|x64 = Release|x64
		Release|x86 = Release|x86
	EndGlobalSection
	GlobalSection(ProjectConfigurationPlatforms) = postSolution
		{42FECFE2-3DF1-4C06-BE7E-F50B26310C71}.Debug|x64.ActiveCfg = Debug|x64
		{42FECFE2-3DF1-4C06-BE7E-F50B26310C71}.Debug|x64.Build.0 = Debug|x64
		{42FECFE2-3DF1-4C06-BE7E-F50B26310C71}.Debug|x86.ActiveCfg = Debug|Win32
		{42FECFE2-3DF1-4C06-BE7E-F50B26310C71}.Debug|x86.Build.0 = Debug|Win32
		{42FECFE2-3DF1-4C06-BE7E-F50B26310C71}.Release|x64.ActiveCfg = Release|x64
		{42FECFE2-3DF1-4C06-BE7E-F50B26310C71}.Release|x64.Build.0 = Release|x64
		{42FECFE2-3DF1-4C06-BE7E-F50B26310C71}.Release|x86.ActiveCfg = Release|Win32
		{42FECFE2-3DF1-4C06-BE7E-F50B26310C71}.Release|x86.Build.0 = Release|Win32
	EndGlobalSection
	GlobalSection(SolutionProperties) = preSolution
		HideSolutionNode = FALSE
	EndGlobalSection
	GlobalSection(ExtensibilityGlobals) = postSolution
		SolutionGuid = {84CF9872-BBE9-461F-864B-E34E3448B243}
	EndGlobalSection
EndGlobal
